// !$*UTF8*$!
{
	archiveVersion = 1;
	classes = {
	};
	objectVersion = 46;
	objects = {

/* Begin PBXBuildFile section */
		17A84162E64155CFD8B410FF /* Pods_NJSY.framework in Frameworks */ = {isa = PBXBuildFile; fileRef = F20A5EC22CCB137E67ADD359 /* Pods_NJSY.framework */; };
		2E0448B11F21AD8400207D73 /* RoomVO.swift in Sources */ = {isa = PBXBuildFile; fileRef = 2E0448B01F21AD8400207D73 /* RoomVO.swift */; };
		2E0448B51F21F53000207D73 /* BattleDao.swift in Sources */ = {isa = PBXBuildFile; fileRef = 2E0448B41F21F53000207D73 /* BattleDao.swift */; };
		2E0448B71F21F6E600207D73 /* BattleDaoImpl.swift in Sources */ = {isa = PBXBuildFile; fileRef = 2E0448B61F21F6E600207D73 /* BattleDaoImpl.swift */; };
		2E0448B91F21F73500207D73 /* LeanCloud.framework in Frameworks */ = {isa = PBXBuildFile; fileRef = 2E0448B81F21F73500207D73 /* LeanCloud.framework */; };
		2E0651111F2185490087592A /* UserDao.swift in Sources */ = {isa = PBXBuildFile; fileRef = 2E0651101F2185490087592A /* UserDao.swift */; };
		2E0651141F2185C50087592A /* RoomDaoImpl.swift in Sources */ = {isa = PBXBuildFile; fileRef = 2E0651121F2185C50087592A /* RoomDaoImpl.swift */; };
		2E0651151F2185C50087592A /* UserDaoImpl.swift in Sources */ = {isa = PBXBuildFile; fileRef = 2E0651131F2185C50087592A /* UserDaoImpl.swift */; };
		2E0651181F2185D40087592A /* RoomServiceImpl.swift in Sources */ = {isa = PBXBuildFile; fileRef = 2E0651161F2185D40087592A /* RoomServiceImpl.swift */; };
		2E0651191F2185D40087592A /* UserServiceImpl.swift in Sources */ = {isa = PBXBuildFile; fileRef = 2E0651171F2185D40087592A /* UserServiceImpl.swift */; };
		2E06511B1F2186D40087592A /* RoomDao.swift in Sources */ = {isa = PBXBuildFile; fileRef = 2E06511A1F2186D40087592A /* RoomDao.swift */; };
		2E06511D1F2188F60087592A /* UserService.swift in Sources */ = {isa = PBXBuildFile; fileRef = 2E06511C1F2188F60087592A /* UserService.swift */; };
		2E06511F1F2189100087592A /* RoomService.swift in Sources */ = {isa = PBXBuildFile; fileRef = 2E06511E1F2189100087592A /* RoomService.swift */; };
		2E0651231F21A9210087592A /* CharacterPO.swift in Sources */ = {isa = PBXBuildFile; fileRef = 2E0651221F21A9210087592A /* CharacterPO.swift */; };
		2E0A861F1F2F050C005B5540 /* Character.plist in Resources */ = {isa = PBXBuildFile; fileRef = 2E0A861E1F2F050C005B5540 /* Character.plist */; };
		2E0A86211F305C38005B5540 /* BattleVO.swift in Sources */ = {isa = PBXBuildFile; fileRef = 2E0A86201F305C38005B5540 /* BattleVO.swift */; };
		2E0A86231F306693005B5540 /* CharacterDao.swift in Sources */ = {isa = PBXBuildFile; fileRef = 2E0A86221F306693005B5540 /* CharacterDao.swift */; };
		2E0A86251F30AE6A005B5540 /* CharacterDaoImpl.swift in Sources */ = {isa = PBXBuildFile; fileRef = 2E0A86241F30AE6A005B5540 /* CharacterDaoImpl.swift */; };
		2E0A86291F30CF14005B5540 /* CharacterVO.swift in Sources */ = {isa = PBXBuildFile; fileRef = 2E0A86281F30CF14005B5540 /* CharacterVO.swift */; };
		2E0A862B1F30CFF8005B5540 /* CharacterServiceImpl.swift in Sources */ = {isa = PBXBuildFile; fileRef = 2E0A862A1F30CFF8005B5540 /* CharacterServiceImpl.swift */; };
		2E0A862D1F30D099005B5540 /* CharacterService.swift in Sources */ = {isa = PBXBuildFile; fileRef = 2E0A862C1F30D099005B5540 /* CharacterService.swift */; };
		2E1867651F26DB8F0057DBFE /* UserMain.storyboard in Resources */ = {isa = PBXBuildFile; fileRef = 2E1867641F26DB8F0057DBFE /* UserMain.storyboard */; };
		2E2F0ABF1F9336AA0019EF27 /* Model.xcdatamodeld in Sources */ = {isa = PBXBuildFile; fileRef = 2E2F0ABD1F9336AA0019EF27 /* Model.xcdatamodeld */; };
		2E2F0AC11F9337D50019EF27 /* CoreDataImpl.swift in Sources */ = {isa = PBXBuildFile; fileRef = 2E2F0AC01F9337D50019EF27 /* CoreDataImpl.swift */; };
		2E52EAEA1F287A3F005E093F /* MainViewController.swift in Sources */ = {isa = PBXBuildFile; fileRef = 2E52EAE91F287A3F005E093F /* MainViewController.swift */; };
		2E6904BF1F2ED05A008ACB6D /* paperfont.ttf in Resources */ = {isa = PBXBuildFile; fileRef = 2E6904BE1F2ED05A008ACB6D /* paperfont.ttf */; };
		2E6904C11F2EE9C5008ACB6D /* RoomListViewController.swift in Sources */ = {isa = PBXBuildFile; fileRef = 2E6904C01F2EE9C5008ACB6D /* RoomListViewController.swift */; };
		2E6904C31F2EFBD0008ACB6D /* UserMainController.swift in Sources */ = {isa = PBXBuildFile; fileRef = 2E6904C21F2EFBD0008ACB6D /* UserMainController.swift */; };
		2E7694DE1F20AF6D007E5157 /* UserVO.swift in Sources */ = {isa = PBXBuildFile; fileRef = 2E7694DD1F20AF6D007E5157 /* UserVO.swift */; };
		2E7694E01F20AF77007E5157 /* Main.storyboard in Resources */ = {isa = PBXBuildFile; fileRef = 2E7694DF1F20AF77007E5157 /* Main.storyboard */; };
		2E7694E61F20AF92007E5157 /* UserPO.swift in Sources */ = {isa = PBXBuildFile; fileRef = 2E7694E41F20AF92007E5157 /* UserPO.swift */; };
		2E7694EC1F20B017007E5157 /* RoomPO.swift in Sources */ = {isa = PBXBuildFile; fileRef = 2E7694EB1F20B017007E5157 /* RoomPO.swift */; };
		2E7F2BD81F9476F500D6ACDB /* ModeView.swift in Sources */ = {isa = PBXBuildFile; fileRef = 2E7F2BD71F9476F500D6ACDB /* ModeView.swift */; };
		2E7F2BDA1F94C23A00D6ACDB /* RoomList.storyboard in Resources */ = {isa = PBXBuildFile; fileRef = 2E7F2BD91F94C23A00D6ACDB /* RoomList.storyboard */; };
		2E995EF51F90A1B80078C901 /* CharacterCell.swift in Sources */ = {isa = PBXBuildFile; fileRef = 2E995EF41F90A1B80078C901 /* CharacterCell.swift */; };
		2E995EF81F90DAE90078C901 /* CharacterButton.swift in Sources */ = {isa = PBXBuildFile; fileRef = 2E995EF71F90DAE90078C901 /* CharacterButton.swift */; };
		2EA24E6A1F91BE6900C8E829 /* ChooseCharacter.storyboard in Resources */ = {isa = PBXBuildFile; fileRef = 2EA24E691F91BE6900C8E829 /* ChooseCharacter.storyboard */; };
		2EA24E6C1F91BE9A00C8E829 /* ChooseCharacterController.swift in Sources */ = {isa = PBXBuildFile; fileRef = 2EA24E6B1F91BE9A00C8E829 /* ChooseCharacterController.swift */; };
		2EA24E6F1F91CE9A00C8E829 /* PersonView.swift in Sources */ = {isa = PBXBuildFile; fileRef = 2EA24E6E1F91CE9A00C8E829 /* PersonView.swift */; };
		2EA24E721F91EB9400C8E829 /* FromCenterSegue.swift in Sources */ = {isa = PBXBuildFile; fileRef = 2EA24E711F91EB9400C8E829 /* FromCenterSegue.swift */; };
		2EA24E751F91F24300C8E829 /* FadeAnimator.swift in Sources */ = {isa = PBXBuildFile; fileRef = 2EA24E741F91F24300C8E829 /* FadeAnimator.swift */; };
		2EA24E761F932ECD00C8E829 /* EasyToast.framework in Frameworks */ = {isa = PBXBuildFile; fileRef = 2EA24E771F932ECD00C8E829 /* EasyToast.framework */; };
		2EA24E791F932F1000C8E829 /* ToastExtensition.swift in Sources */ = {isa = PBXBuildFile; fileRef = 2EA24E781F932F1000C8E829 /* ToastExtensition.swift */; };
		2EA24E7B1F932F5A00C8E829 /* ResultMessage.swift in Sources */ = {isa = PBXBuildFile; fileRef = 2EA24E7A1F932F5A00C8E829 /* ResultMessage.swift */; };
		2EBD69B61F232A4D00726771 /* BattlePO.swift in Sources */ = {isa = PBXBuildFile; fileRef = 2EBD69B51F232A4D00726771 /* BattlePO.swift */; };
		2EEC63811F32CF650069B255 /* BattleService.swift in Sources */ = {isa = PBXBuildFile; fileRef = 2EEC63801F32CF650069B255 /* BattleService.swift */; };
		2EEC63831F32CFC50069B255 /* BattleServiceImpl.swift in Sources */ = {isa = PBXBuildFile; fileRef = 2EEC63821F32CFC50069B255 /* BattleServiceImpl.swift */; };
		2EEC63851F35891C0069B255 /* Room.storyboard in Resources */ = {isa = PBXBuildFile; fileRef = 2EEC63841F35891C0069B255 /* Room.storyboard */; };
		2EEC63871F3596290069B255 /* Card.plist in Resources */ = {isa = PBXBuildFile; fileRef = 2EEC63861F3596290069B255 /* Card.plist */; };
		2EEC63891F3AF9760069B255 /* RoomController.swift in Sources */ = {isa = PBXBuildFile; fileRef = 2EEC63881F3AF9760069B255 /* RoomController.swift */; };
		A95AE6BF1F1BA6E800590E99 /* AppDelegate.swift in Sources */ = {isa = PBXBuildFile; fileRef = A95AE6BE1F1BA6E800590E99 /* AppDelegate.swift */; };
		A95AE6CC1F1BA6E800590E99 /* Assets.xcassets in Resources */ = {isa = PBXBuildFile; fileRef = A95AE6CB1F1BA6E800590E99 /* Assets.xcassets */; };
		A95AE6DA1F1BA6E800590E99 /* NJSYTests.swift in Sources */ = {isa = PBXBuildFile; fileRef = A95AE6D91F1BA6E800590E99 /* NJSYTests.swift */; };
		A95AE6E51F1BA6E800590E99 /* NJSYUITests.swift in Sources */ = {isa = PBXBuildFile; fileRef = A95AE6E41F1BA6E800590E99 /* NJSYUITests.swift */; };
		A95AE6F31F1BA7B400590E99 /* Podfile in Resources */ = {isa = PBXBuildFile; fileRef = A95AE6F21F1BA7B400590E99 /* Podfile */; };
		CAA5D7ED1F2886A900BC638B /* SnapKit.framework in Frameworks */ = {isa = PBXBuildFile; fileRef = CAA5D7EC1F2886A900BC638B /* SnapKit.framework */; };
/* End PBXBuildFile section */

/* Begin PBXContainerItemProxy section */
		A95AE6D61F1BA6E800590E99 /* PBXContainerItemProxy */ = {
			isa = PBXContainerItemProxy;
			containerPortal = A95AE6B31F1BA6E800590E99 /* Project object */;
			proxyType = 1;
			remoteGlobalIDString = A95AE6BA1F1BA6E800590E99;
			remoteInfo = NJSY;
		};
		A95AE6E11F1BA6E800590E99 /* PBXContainerItemProxy */ = {
			isa = PBXContainerItemProxy;
			containerPortal = A95AE6B31F1BA6E800590E99 /* Project object */;
			proxyType = 1;
			remoteGlobalIDString = A95AE6BA1F1BA6E800590E99;
			remoteInfo = NJSY;
		};
/* End PBXContainerItemProxy section */

/* Begin PBXFileReference section */
		0AFEC174849FA67C7FCB3B5B /* Pods-NJSY.release.xcconfig */ = {isa = PBXFileReference; includeInIndex = 1; lastKnownFileType = text.xcconfig; name = "Pods-NJSY.release.xcconfig"; path = "Pods/Target Support Files/Pods-NJSY/Pods-NJSY.release.xcconfig"; sourceTree = "<group>"; };
		2E0448B01F21AD8400207D73 /* RoomVO.swift */ = {isa = PBXFileReference; fileEncoding = 4; lastKnownFileType = sourcecode.swift; name = RoomVO.swift; path = Base.lproj/vo/RoomVO.swift; sourceTree = "<group>"; };
		2E0448B41F21F53000207D73 /* BattleDao.swift */ = {isa = PBXFileReference; fileEncoding = 4; lastKnownFileType = sourcecode.swift; name = BattleDao.swift; path = Base.lproj/dao/BattleDao.swift; sourceTree = "<group>"; };
		2E0448B61F21F6E600207D73 /* BattleDaoImpl.swift */ = {isa = PBXFileReference; fileEncoding = 4; lastKnownFileType = sourcecode.swift; name = BattleDaoImpl.swift; path = Base.lproj/daoImpl/BattleDaoImpl.swift; sourceTree = "<group>"; };
		2E0448B81F21F73500207D73 /* LeanCloud.framework */ = {isa = PBXFileReference; lastKnownFileType = wrapper.framework; name = LeanCloud.framework; path = "../../../Library/Developer/Xcode/DerivedData/NJSY-bxuhmbrnphmovwbsebbypgdbasio/Build/Products/Debug-iphonesimulator/LeanCloud/LeanCloud.framework"; sourceTree = "<group>"; };
		2E0651101F2185490087592A /* UserDao.swift */ = {isa = PBXFileReference; fileEncoding = 4; lastKnownFileType = sourcecode.swift; name = UserDao.swift; path = Base.lproj/dao/UserDao.swift; sourceTree = "<group>"; };
		2E0651121F2185C50087592A /* RoomDaoImpl.swift */ = {isa = PBXFileReference; fileEncoding = 4; lastKnownFileType = sourcecode.swift; name = RoomDaoImpl.swift; path = Base.lproj/daoImpl/RoomDaoImpl.swift; sourceTree = "<group>"; };
		2E0651131F2185C50087592A /* UserDaoImpl.swift */ = {isa = PBXFileReference; fileEncoding = 4; lastKnownFileType = sourcecode.swift; name = UserDaoImpl.swift; path = Base.lproj/daoImpl/UserDaoImpl.swift; sourceTree = "<group>"; };
		2E0651161F2185D40087592A /* RoomServiceImpl.swift */ = {isa = PBXFileReference; fileEncoding = 4; lastKnownFileType = sourcecode.swift; name = RoomServiceImpl.swift; path = Base.lproj/serviceImpl/RoomServiceImpl.swift; sourceTree = "<group>"; };
		2E0651171F2185D40087592A /* UserServiceImpl.swift */ = {isa = PBXFileReference; fileEncoding = 4; lastKnownFileType = sourcecode.swift; name = UserServiceImpl.swift; path = Base.lproj/serviceImpl/UserServiceImpl.swift; sourceTree = "<group>"; };
		2E06511A1F2186D40087592A /* RoomDao.swift */ = {isa = PBXFileReference; fileEncoding = 4; lastKnownFileType = sourcecode.swift; name = RoomDao.swift; path = Base.lproj/dao/RoomDao.swift; sourceTree = "<group>"; };
		2E06511C1F2188F60087592A /* UserService.swift */ = {isa = PBXFileReference; fileEncoding = 4; lastKnownFileType = sourcecode.swift; name = UserService.swift; path = Base.lproj/service/UserService.swift; sourceTree = "<group>"; };
		2E06511E1F2189100087592A /* RoomService.swift */ = {isa = PBXFileReference; fileEncoding = 4; lastKnownFileType = sourcecode.swift; name = RoomService.swift; path = Base.lproj/service/RoomService.swift; sourceTree = "<group>"; };
		2E0651221F21A9210087592A /* CharacterPO.swift */ = {isa = PBXFileReference; fileEncoding = 4; lastKnownFileType = sourcecode.swift; name = CharacterPO.swift; path = Base.lproj/po/CharacterPO.swift; sourceTree = "<group>"; };
		2E0A861E1F2F050C005B5540 /* Character.plist */ = {isa = PBXFileReference; fileEncoding = 4; lastKnownFileType = text.plist.xml; name = Character.plist; path = Base.lproj/SupportingFiles/Character.plist; sourceTree = "<group>"; };
		2E0A86201F305C38005B5540 /* BattleVO.swift */ = {isa = PBXFileReference; fileEncoding = 4; lastKnownFileType = sourcecode.swift; name = BattleVO.swift; path = Base.lproj/vo/BattleVO.swift; sourceTree = "<group>"; };
		2E0A86221F306693005B5540 /* CharacterDao.swift */ = {isa = PBXFileReference; fileEncoding = 4; lastKnownFileType = sourcecode.swift; name = CharacterDao.swift; path = Base.lproj/dao/CharacterDao.swift; sourceTree = "<group>"; };
		2E0A86241F30AE6A005B5540 /* CharacterDaoImpl.swift */ = {isa = PBXFileReference; fileEncoding = 4; lastKnownFileType = sourcecode.swift; name = CharacterDaoImpl.swift; path = Base.lproj/daoImpl/CharacterDaoImpl.swift; sourceTree = "<group>"; };
		2E0A86281F30CF14005B5540 /* CharacterVO.swift */ = {isa = PBXFileReference; fileEncoding = 4; lastKnownFileType = sourcecode.swift; name = CharacterVO.swift; path = Base.lproj/vo/CharacterVO.swift; sourceTree = "<group>"; };
		2E0A862A1F30CFF8005B5540 /* CharacterServiceImpl.swift */ = {isa = PBXFileReference; fileEncoding = 4; lastKnownFileType = sourcecode.swift; name = CharacterServiceImpl.swift; path = Base.lproj/serviceImpl/CharacterServiceImpl.swift; sourceTree = "<group>"; };
		2E0A862C1F30D099005B5540 /* CharacterService.swift */ = {isa = PBXFileReference; fileEncoding = 4; lastKnownFileType = sourcecode.swift; name = CharacterService.swift; path = Base.lproj/service/CharacterService.swift; sourceTree = "<group>"; };
		2E1867641F26DB8F0057DBFE /* UserMain.storyboard */ = {isa = PBXFileReference; fileEncoding = 4; lastKnownFileType = file.storyboard; name = UserMain.storyboard; path = Base.lproj/view/UserMain.storyboard; sourceTree = "<group>"; };
		2E1867681F26DF0C0057DBFE /* SnapKit.framework */ = {isa = PBXFileReference; lastKnownFileType = wrapper.framework; name = SnapKit.framework; path = "../../../Library/Developer/Xcode/DerivedData/NJSY-bxuhmbrnphmovwbsebbypgdbasio/Build/Products/Debug-iphonesimulator/SnapKit/SnapKit.framework"; sourceTree = "<group>"; };
		2E2F0ABE1F9336AA0019EF27 /* Model.xcdatamodel */ = {isa = PBXFileReference; lastKnownFileType = wrapper.xcdatamodel; path = Model.xcdatamodel; sourceTree = "<group>"; };
		2E2F0AC01F9337D50019EF27 /* CoreDataImpl.swift */ = {isa = PBXFileReference; lastKnownFileType = sourcecode.swift; name = CoreDataImpl.swift; path = Base.lproj/SupportingFiles/CoreDataImpl.swift; sourceTree = "<group>"; };
		2E52EAE91F287A3F005E093F /* MainViewController.swift */ = {isa = PBXFileReference; fileEncoding = 4; lastKnownFileType = sourcecode.swift; name = MainViewController.swift; path = Base.lproj/controller/MainViewController.swift; sourceTree = "<group>"; };
		2E6904BE1F2ED05A008ACB6D /* paperfont.ttf */ = {isa = PBXFileReference; lastKnownFileType = file; name = paperfont.ttf; path = Base.lproj/SupportingFiles/paperfont.ttf; sourceTree = "<group>"; };
		2E6904C01F2EE9C5008ACB6D /* RoomListViewController.swift */ = {isa = PBXFileReference; fileEncoding = 4; lastKnownFileType = sourcecode.swift; name = RoomListViewController.swift; path = Base.lproj/controller/RoomListViewController.swift; sourceTree = "<group>"; };
		2E6904C21F2EFBD0008ACB6D /* UserMainController.swift */ = {isa = PBXFileReference; fileEncoding = 4; lastKnownFileType = sourcecode.swift; name = UserMainController.swift; path = Base.lproj/controller/UserMainController.swift; sourceTree = "<group>"; };
		2E7694DD1F20AF6D007E5157 /* UserVO.swift */ = {isa = PBXFileReference; fileEncoding = 4; lastKnownFileType = sourcecode.swift; name = UserVO.swift; path = Base.lproj/vo/UserVO.swift; sourceTree = "<group>"; };
		2E7694DF1F20AF77007E5157 /* Main.storyboard */ = {isa = PBXFileReference; fileEncoding = 4; lastKnownFileType = file.storyboard; name = Main.storyboard; path = Base.lproj/view/Main.storyboard; sourceTree = "<group>"; };
		2E7694E41F20AF92007E5157 /* UserPO.swift */ = {isa = PBXFileReference; fileEncoding = 4; lastKnownFileType = sourcecode.swift; name = UserPO.swift; path = Base.lproj/po/UserPO.swift; sourceTree = "<group>"; };
		2E7694EB1F20B017007E5157 /* RoomPO.swift */ = {isa = PBXFileReference; fileEncoding = 4; lastKnownFileType = sourcecode.swift; name = RoomPO.swift; path = Base.lproj/po/RoomPO.swift; sourceTree = "<group>"; };
		2E7F2BD71F9476F500D6ACDB /* ModeView.swift */ = {isa = PBXFileReference; lastKnownFileType = sourcecode.swift; name = ModeView.swift; path = Base.lproj/controller/ModeView.swift; sourceTree = "<group>"; };
		2E7F2BD91F94C23A00D6ACDB /* RoomList.storyboard */ = {isa = PBXFileReference; lastKnownFileType = file.storyboard; name = RoomList.storyboard; path = Base.lproj/view/RoomList.storyboard; sourceTree = "<group>"; };
		2E995EF41F90A1B80078C901 /* CharacterCell.swift */ = {isa = PBXFileReference; lastKnownFileType = sourcecode.swift; name = CharacterCell.swift; path = Base.lproj/controller/CharacterCell.swift; sourceTree = "<group>"; };
		2E995EF71F90DAE90078C901 /* CharacterButton.swift */ = {isa = PBXFileReference; lastKnownFileType = sourcecode.swift; name = CharacterButton.swift; path = Base.lproj/controller/CharacterButton.swift; sourceTree = "<group>"; };
		2EA24E691F91BE6900C8E829 /* ChooseCharacter.storyboard */ = {isa = PBXFileReference; lastKnownFileType = file.storyboard; name = ChooseCharacter.storyboard; path = Base.lproj/view/ChooseCharacter.storyboard; sourceTree = "<group>"; };
		2EA24E6B1F91BE9A00C8E829 /* ChooseCharacterController.swift */ = {isa = PBXFileReference; lastKnownFileType = sourcecode.swift; name = ChooseCharacterController.swift; path = Base.lproj/controller/ChooseCharacterController.swift; sourceTree = "<group>"; };
		2EA24E6E1F91CE9A00C8E829 /* PersonView.swift */ = {isa = PBXFileReference; lastKnownFileType = sourcecode.swift; name = PersonView.swift; path = Base.lproj/view/PersonView.swift; sourceTree = "<group>"; };
		2EA24E711F91EB9400C8E829 /* FromCenterSegue.swift */ = {isa = PBXFileReference; lastKnownFileType = sourcecode.swift; name = FromCenterSegue.swift; path = Base.lproj/controller/FromCenterSegue.swift; sourceTree = "<group>"; };
		2EA24E741F91F24300C8E829 /* FadeAnimator.swift */ = {isa = PBXFileReference; lastKnownFileType = sourcecode.swift; name = FadeAnimator.swift; path = Base.lproj/controller/FadeAnimator.swift; sourceTree = "<group>"; };
		2EA24E771F932ECD00C8E829 /* EasyToast.framework */ = {isa = PBXFileReference; explicitFileType = wrapper.framework; path = EasyToast.framework; sourceTree = BUILT_PRODUCTS_DIR; };
		2EA24E781F932F1000C8E829 /* ToastExtensition.swift */ = {isa = PBXFileReference; lastKnownFileType = sourcecode.swift; name = ToastExtensition.swift; path = Base.lproj/SupportingFiles/ToastExtensition.swift; sourceTree = "<group>"; };
		2EA24E7A1F932F5A00C8E829 /* ResultMessage.swift */ = {isa = PBXFileReference; lastKnownFileType = sourcecode.swift; name = ResultMessage.swift; path = Base.lproj/SupportingFiles/ResultMessage.swift; sourceTree = "<group>"; };
		2EBD69B51F232A4D00726771 /* BattlePO.swift */ = {isa = PBXFileReference; fileEncoding = 4; lastKnownFileType = sourcecode.swift; name = BattlePO.swift; path = Base.lproj/po/BattlePO.swift; sourceTree = "<group>"; };
		2EEC63801F32CF650069B255 /* BattleService.swift */ = {isa = PBXFileReference; fileEncoding = 4; lastKnownFileType = sourcecode.swift; name = BattleService.swift; path = Base.lproj/service/BattleService.swift; sourceTree = "<group>"; };
		2EEC63821F32CFC50069B255 /* BattleServiceImpl.swift */ = {isa = PBXFileReference; fileEncoding = 4; lastKnownFileType = sourcecode.swift; name = BattleServiceImpl.swift; path = Base.lproj/serviceImpl/BattleServiceImpl.swift; sourceTree = "<group>"; };
		2EEC63841F35891C0069B255 /* Room.storyboard */ = {isa = PBXFileReference; fileEncoding = 4; lastKnownFileType = file.storyboard; name = Room.storyboard; path = Base.lproj/view/Room.storyboard; sourceTree = "<group>"; };
		2EEC63861F3596290069B255 /* Card.plist */ = {isa = PBXFileReference; fileEncoding = 4; lastKnownFileType = text.plist.xml; name = Card.plist; path = Base.lproj/SupportingFiles/Card.plist; sourceTree = "<group>"; };
		2EEC63881F3AF9760069B255 /* RoomController.swift */ = {isa = PBXFileReference; fileEncoding = 4; lastKnownFileType = sourcecode.swift; name = RoomController.swift; path = Base.lproj/controller/RoomController.swift; sourceTree = "<group>"; };
		96DFE8D3F0C5FCA9D4EBDE86 /* Pods-NJSY.debug.xcconfig */ = {isa = PBXFileReference; includeInIndex = 1; lastKnownFileType = text.xcconfig; name = "Pods-NJSY.debug.xcconfig"; path = "Pods/Target Support Files/Pods-NJSY/Pods-NJSY.debug.xcconfig"; sourceTree = "<group>"; };
		A95AE6BB1F1BA6E800590E99 /* NJSY.app */ = {isa = PBXFileReference; explicitFileType = wrapper.application; includeInIndex = 0; path = NJSY.app; sourceTree = BUILT_PRODUCTS_DIR; };
		A95AE6BE1F1BA6E800590E99 /* AppDelegate.swift */ = {isa = PBXFileReference; lastKnownFileType = sourcecode.swift; path = AppDelegate.swift; sourceTree = "<group>"; };
		A95AE6CB1F1BA6E800590E99 /* Assets.xcassets */ = {isa = PBXFileReference; lastKnownFileType = folder.assetcatalog; path = Assets.xcassets; sourceTree = "<group>"; };
		A95AE6D01F1BA6E800590E99 /* Info.plist */ = {isa = PBXFileReference; lastKnownFileType = text.plist.xml; path = Info.plist; sourceTree = "<group>"; };
		A95AE6D51F1BA6E800590E99 /* NJSYTests.xctest */ = {isa = PBXFileReference; explicitFileType = wrapper.cfbundle; includeInIndex = 0; path = NJSYTests.xctest; sourceTree = BUILT_PRODUCTS_DIR; };
		A95AE6D91F1BA6E800590E99 /* NJSYTests.swift */ = {isa = PBXFileReference; lastKnownFileType = sourcecode.swift; path = NJSYTests.swift; sourceTree = "<group>"; };
		A95AE6DB1F1BA6E800590E99 /* Info.plist */ = {isa = PBXFileReference; lastKnownFileType = text.plist.xml; path = Info.plist; sourceTree = "<group>"; };
		A95AE6E01F1BA6E800590E99 /* NJSYUITests.xctest */ = {isa = PBXFileReference; explicitFileType = wrapper.cfbundle; includeInIndex = 0; path = NJSYUITests.xctest; sourceTree = BUILT_PRODUCTS_DIR; };
		A95AE6E41F1BA6E800590E99 /* NJSYUITests.swift */ = {isa = PBXFileReference; lastKnownFileType = sourcecode.swift; path = NJSYUITests.swift; sourceTree = "<group>"; };
		A95AE6E61F1BA6E800590E99 /* Info.plist */ = {isa = PBXFileReference; lastKnownFileType = text.plist.xml; path = Info.plist; sourceTree = "<group>"; };
		A95AE6F21F1BA7B400590E99 /* Podfile */ = {isa = PBXFileReference; fileEncoding = 4; lastKnownFileType = text; path = Podfile; sourceTree = "<group>"; xcLanguageSpecificationIdentifier = xcode.lang.ruby; };
		CAA5D7EC1F2886A900BC638B /* SnapKit.framework */ = {isa = PBXFileReference; lastKnownFileType = wrapper.framework; name = SnapKit.framework; path = "Pods/../build/Debug-iphoneos/SnapKit.framework"; sourceTree = "<group>"; };
		F20A5EC22CCB137E67ADD359 /* Pods_NJSY.framework */ = {isa = PBXFileReference; explicitFileType = wrapper.framework; includeInIndex = 0; path = Pods_NJSY.framework; sourceTree = BUILT_PRODUCTS_DIR; };
/* End PBXFileReference section */

/* Begin PBXFrameworksBuildPhase section */
		A95AE6B81F1BA6E800590E99 /* Frameworks */ = {
			isa = PBXFrameworksBuildPhase;
			buildActionMask = 2147483647;
			files = (
				2EA24E761F932ECD00C8E829 /* EasyToast.framework in Frameworks */,
				CAA5D7ED1F2886A900BC638B /* SnapKit.framework in Frameworks */,
				2E0448B91F21F73500207D73 /* LeanCloud.framework in Frameworks */,
				17A84162E64155CFD8B410FF /* Pods_NJSY.framework in Frameworks */,
			);
			runOnlyForDeploymentPostprocessing = 0;
		};
		A95AE6D21F1BA6E800590E99 /* Frameworks */ = {
			isa = PBXFrameworksBuildPhase;
			buildActionMask = 2147483647;
			files = (
			);
			runOnlyForDeploymentPostprocessing = 0;
		};
		A95AE6DD1F1BA6E800590E99 /* Frameworks */ = {
			isa = PBXFrameworksBuildPhase;
			buildActionMask = 2147483647;
			files = (
			);
			runOnlyForDeploymentPostprocessing = 0;
		};
/* End PBXFrameworksBuildPhase section */

/* Begin PBXGroup section */
		2DFBC6EA35CC8BC7AACF438A /* Frameworks */ = {
			isa = PBXGroup;
			children = (
				2EA24E771F932ECD00C8E829 /* EasyToast.framework */,
				CAA5D7EC1F2886A900BC638B /* SnapKit.framework */,
				2E1867681F26DF0C0057DBFE /* SnapKit.framework */,
				2E0448B81F21F73500207D73 /* LeanCloud.framework */,
				F20A5EC22CCB137E67ADD359 /* Pods_NJSY.framework */,
			);
			name = Frameworks;
			sourceTree = "<group>";
		};
		2E06510E1F2184E10087592A /* serviceImpl */ = {
			isa = PBXGroup;
			children = (
				2E0651161F2185D40087592A /* RoomServiceImpl.swift */,
				2E0A862A1F30CFF8005B5540 /* CharacterServiceImpl.swift */,
				2E0651171F2185D40087592A /* UserServiceImpl.swift */,
				2EEC63821F32CFC50069B255 /* BattleServiceImpl.swift */,
			);
			name = serviceImpl;
			sourceTree = "<group>";
		};
		2E06510F1F2184ED0087592A /* daoImpl */ = {
			isa = PBXGroup;
			children = (
				2E0651121F2185C50087592A /* RoomDaoImpl.swift */,
				2E0651131F2185C50087592A /* UserDaoImpl.swift */,
				2E0448B61F21F6E600207D73 /* BattleDaoImpl.swift */,
				2E0A86241F30AE6A005B5540 /* CharacterDaoImpl.swift */,
			);
			name = daoImpl;
			sourceTree = "<group>";
		};
		2E6904BB1F2ECF3A008ACB6D /* SupportingFiles */ = {
			isa = PBXGroup;
			children = (
				2E6904BE1F2ED05A008ACB6D /* paperfont.ttf */,
				2E0A861E1F2F050C005B5540 /* Character.plist */,
				2EEC63861F3596290069B255 /* Card.plist */,
				2EA24E781F932F1000C8E829 /* ToastExtensition.swift */,
				2EA24E7A1F932F5A00C8E829 /* ResultMessage.swift */,
				2E2F0ABD1F9336AA0019EF27 /* Model.xcdatamodeld */,
				2E2F0AC01F9337D50019EF27 /* CoreDataImpl.swift */,
			);
			name = SupportingFiles;
			sourceTree = "<group>";
		};
		2E995EF31F90A19B0078C901 /* cell */ = {
			isa = PBXGroup;
			children = (
				2E995EF41F90A1B80078C901 /* CharacterCell.swift */,
			);
			name = cell;
			sourceTree = "<group>";
		};
		2E995EF61F90DAD40078C901 /* button */ = {
			isa = PBXGroup;
			children = (
				2E995EF71F90DAE90078C901 /* CharacterButton.swift */,
			);
			name = button;
			sourceTree = "<group>";
		};
		2EA24E6D1F91CE8200C8E829 /* view */ = {
			isa = PBXGroup;
			children = (
				2EA24E6E1F91CE9A00C8E829 /* PersonView.swift */,
				2E7F2BD71F9476F500D6ACDB /* ModeView.swift */,
			);
			name = view;
			sourceTree = "<group>";
		};
		2EA24E701F91EB5900C8E829 /* segue */ = {
			isa = PBXGroup;
			children = (
				2EA24E711F91EB9400C8E829 /* FromCenterSegue.swift */,
			);
			name = segue;
			sourceTree = "<group>";
		};
		2EA24E731F91F22C00C8E829 /* animate */ = {
			isa = PBXGroup;
			children = (
				2EA24E741F91F24300C8E829 /* FadeAnimator.swift */,
			);
			name = animate;
			sourceTree = "<group>";
		};
		A9257E8A1F1E4C3A00F3F4C1 /* controller */ = {
			isa = PBXGroup;
			children = (
				2EA24E731F91F22C00C8E829 /* animate */,
				2EA24E701F91EB5900C8E829 /* segue */,
				2EA24E6D1F91CE8200C8E829 /* view */,
				2E995EF61F90DAD40078C901 /* button */,
				2E995EF31F90A19B0078C901 /* cell */,
				2E6904C21F2EFBD0008ACB6D /* UserMainController.swift */,
				2E52EAE91F287A3F005E093F /* MainViewController.swift */,
				2E6904C01F2EE9C5008ACB6D /* RoomListViewController.swift */,
				2EEC63881F3AF9760069B255 /* RoomController.swift */,
				2EA24E6B1F91BE9A00C8E829 /* ChooseCharacterController.swift */,
			);
			name = controller;
			sourceTree = "<group>";
		};
		A9257E8B1F1E4C4200F3F4C1 /* service */ = {
			isa = PBXGroup;
			children = (
				2E0A862C1F30D099005B5540 /* CharacterService.swift */,
				2E06511C1F2188F60087592A /* UserService.swift */,
				2E06511E1F2189100087592A /* RoomService.swift */,
				2EEC63801F32CF650069B255 /* BattleService.swift */,
			);
			name = service;
			sourceTree = "<group>";
		};
		A9257E8C1F1E4C4E00F3F4C1 /* po */ = {
			isa = PBXGroup;
			children = (
				2EBD69B51F232A4D00726771 /* BattlePO.swift */,
				2E7694E41F20AF92007E5157 /* UserPO.swift */,
				2E7694EB1F20B017007E5157 /* RoomPO.swift */,
				2E0651221F21A9210087592A /* CharacterPO.swift */,
			);
			name = po;
			sourceTree = "<group>";
		};
		A9257E8D1F1E4C6100F3F4C1 /* dao */ = {
			isa = PBXGroup;
			children = (
				2E0651101F2185490087592A /* UserDao.swift */,
				2E06511A1F2186D40087592A /* RoomDao.swift */,
				2E0448B41F21F53000207D73 /* BattleDao.swift */,
				2E0A86221F306693005B5540 /* CharacterDao.swift */,
			);
			name = dao;
			sourceTree = "<group>";
		};
		A9257E8E1F1E4C6700F3F4C1 /* view */ = {
			isa = PBXGroup;
			children = (
				2E7694DF1F20AF77007E5157 /* Main.storyboard */,
				2E1867641F26DB8F0057DBFE /* UserMain.storyboard */,
				2EEC63841F35891C0069B255 /* Room.storyboard */,
				2EA24E691F91BE6900C8E829 /* ChooseCharacter.storyboard */,
				2E7F2BD91F94C23A00D6ACDB /* RoomList.storyboard */,
			);
			name = view;
			sourceTree = "<group>";
		};
		A9257E911F1E5DE200F3F4C1 /* vo */ = {
			isa = PBXGroup;
			children = (
				2E7694DD1F20AF6D007E5157 /* UserVO.swift */,
				2E0448B01F21AD8400207D73 /* RoomVO.swift */,
				2E0A86201F305C38005B5540 /* BattleVO.swift */,
				2E0A86281F30CF14005B5540 /* CharacterVO.swift */,
			);
			name = vo;
			sourceTree = "<group>";
		};
		A95AE6B21F1BA6E800590E99 = {
			isa = PBXGroup;
			children = (
				A95AE6F21F1BA7B400590E99 /* Podfile */,
				A95AE6BD1F1BA6E800590E99 /* NJSY */,
				A95AE6D81F1BA6E800590E99 /* NJSYTests */,
				A95AE6E31F1BA6E800590E99 /* NJSYUITests */,
				A95AE6BC1F1BA6E800590E99 /* Products */,
				D196320D7E784C17C0554269 /* Pods */,
				2DFBC6EA35CC8BC7AACF438A /* Frameworks */,
			);
			sourceTree = "<group>";
		};
		A95AE6BC1F1BA6E800590E99 /* Products */ = {
			isa = PBXGroup;
			children = (
				A95AE6BB1F1BA6E800590E99 /* NJSY.app */,
				A95AE6D51F1BA6E800590E99 /* NJSYTests.xctest */,
				A95AE6E01F1BA6E800590E99 /* NJSYUITests.xctest */,
			);
			name = Products;
			sourceTree = "<group>";
		};
		A95AE6BD1F1BA6E800590E99 /* NJSY */ = {
			isa = PBXGroup;
			children = (
				2E6904BB1F2ECF3A008ACB6D /* SupportingFiles */,
				2E06510F1F2184ED0087592A /* daoImpl */,
				A9257E8D1F1E4C6100F3F4C1 /* dao */,
				2E06510E1F2184E10087592A /* serviceImpl */,
				A9257E8B1F1E4C4200F3F4C1 /* service */,
				A9257E911F1E5DE200F3F4C1 /* vo */,
				A9257E8E1F1E4C6700F3F4C1 /* view */,
				A9257E8C1F1E4C4E00F3F4C1 /* po */,
				A9257E8A1F1E4C3A00F3F4C1 /* controller */,
				A95AE6BE1F1BA6E800590E99 /* AppDelegate.swift */,
				A95AE6CB1F1BA6E800590E99 /* Assets.xcassets */,
				A95AE6D01F1BA6E800590E99 /* Info.plist */,
			);
			path = NJSY;
			sourceTree = "<group>";
		};
		A95AE6D81F1BA6E800590E99 /* NJSYTests */ = {
			isa = PBXGroup;
			children = (
				A95AE6D91F1BA6E800590E99 /* NJSYTests.swift */,
				A95AE6DB1F1BA6E800590E99 /* Info.plist */,
			);
			path = NJSYTests;
			sourceTree = "<group>";
		};
		A95AE6E31F1BA6E800590E99 /* NJSYUITests */ = {
			isa = PBXGroup;
			children = (
				A95AE6E41F1BA6E800590E99 /* NJSYUITests.swift */,
				A95AE6E61F1BA6E800590E99 /* Info.plist */,
			);
			path = NJSYUITests;
			sourceTree = "<group>";
		};
		D196320D7E784C17C0554269 /* Pods */ = {
			isa = PBXGroup;
			children = (
				96DFE8D3F0C5FCA9D4EBDE86 /* Pods-NJSY.debug.xcconfig */,
				0AFEC174849FA67C7FCB3B5B /* Pods-NJSY.release.xcconfig */,
			);
			name = Pods;
			sourceTree = "<group>";
		};
/* End PBXGroup section */

/* Begin PBXNativeTarget section */
		A95AE6BA1F1BA6E800590E99 /* NJSY */ = {
			isa = PBXNativeTarget;
			buildConfigurationList = A95AE6E91F1BA6E800590E99 /* Build configuration list for PBXNativeTarget "NJSY" */;
			buildPhases = (
				A46E221AA19743BA41BC34E2 /* [CP] Check Pods Manifest.lock */,
				A95AE6B71F1BA6E800590E99 /* Sources */,
				A95AE6B81F1BA6E800590E99 /* Frameworks */,
				A95AE6B91F1BA6E800590E99 /* Resources */,
				AC935663E24F56B14A86A82A /* [CP] Embed Pods Frameworks */,
				7C0807A3F096B92F6A4CBB0D /* [CP] Copy Pods Resources */,
			);
			buildRules = (
			);
			dependencies = (
			);
			name = NJSY;
			productName = NJSY;
			productReference = A95AE6BB1F1BA6E800590E99 /* NJSY.app */;
			productType = "com.apple.product-type.application";
		};
		A95AE6D41F1BA6E800590E99 /* NJSYTests */ = {
			isa = PBXNativeTarget;
			buildConfigurationList = A95AE6EC1F1BA6E800590E99 /* Build configuration list for PBXNativeTarget "NJSYTests" */;
			buildPhases = (
				A95AE6D11F1BA6E800590E99 /* Sources */,
				A95AE6D21F1BA6E800590E99 /* Frameworks */,
				A95AE6D31F1BA6E800590E99 /* Resources */,
			);
			buildRules = (
			);
			dependencies = (
				A95AE6D71F1BA6E800590E99 /* PBXTargetDependency */,
			);
			name = NJSYTests;
			productName = NJSYTests;
			productReference = A95AE6D51F1BA6E800590E99 /* NJSYTests.xctest */;
			productType = "com.apple.product-type.bundle.unit-test";
		};
		A95AE6DF1F1BA6E800590E99 /* NJSYUITests */ = {
			isa = PBXNativeTarget;
			buildConfigurationList = A95AE6EF1F1BA6E800590E99 /* Build configuration list for PBXNativeTarget "NJSYUITests" */;
			buildPhases = (
				A95AE6DC1F1BA6E800590E99 /* Sources */,
				A95AE6DD1F1BA6E800590E99 /* Frameworks */,
				A95AE6DE1F1BA6E800590E99 /* Resources */,
			);
			buildRules = (
			);
			dependencies = (
				A95AE6E21F1BA6E800590E99 /* PBXTargetDependency */,
			);
			name = NJSYUITests;
			productName = NJSYUITests;
			productReference = A95AE6E01F1BA6E800590E99 /* NJSYUITests.xctest */;
			productType = "com.apple.product-type.bundle.ui-testing";
		};
/* End PBXNativeTarget section */

/* Begin PBXProject section */
		A95AE6B31F1BA6E800590E99 /* Project object */ = {
			isa = PBXProject;
			attributes = {
				LastSwiftUpdateCheck = 0830;
				LastUpgradeCheck = 0830;
				ORGANIZATIONNAME = apple;
				TargetAttributes = {
					A95AE6BA1F1BA6E800590E99 = {
						CreatedOnToolsVersion = 8.3.3;
						DevelopmentTeam = 2V9KC3D3QY;
						ProvisioningStyle = Automatic;
					};
					A95AE6D41F1BA6E800590E99 = {
						CreatedOnToolsVersion = 8.3.3;
						DevelopmentTeam = 2V9KC3D3QY;
						ProvisioningStyle = Automatic;
						TestTargetID = A95AE6BA1F1BA6E800590E99;
					};
					A95AE6DF1F1BA6E800590E99 = {
						CreatedOnToolsVersion = 8.3.3;
						DevelopmentTeam = 2V9KC3D3QY;
						ProvisioningStyle = Automatic;
						TestTargetID = A95AE6BA1F1BA6E800590E99;
					};
				};
			};
			buildConfigurationList = A95AE6B61F1BA6E800590E99 /* Build configuration list for PBXProject "NJSY" */;
			compatibilityVersion = "Xcode 3.2";
			developmentRegion = English;
			hasScannedForEncodings = 0;
			knownRegions = (
				en,
				Base,
			);
			mainGroup = A95AE6B21F1BA6E800590E99;
			productRefGroup = A95AE6BC1F1BA6E800590E99 /* Products */;
			projectDirPath = "";
			projectRoot = "";
			targets = (
				A95AE6BA1F1BA6E800590E99 /* NJSY */,
				A95AE6D41F1BA6E800590E99 /* NJSYTests */,
				A95AE6DF1F1BA6E800590E99 /* NJSYUITests */,
			);
		};
/* End PBXProject section */

/* Begin PBXResourcesBuildPhase section */
		A95AE6B91F1BA6E800590E99 /* Resources */ = {
			isa = PBXResourcesBuildPhase;
			buildActionMask = 2147483647;
			files = (
				2E0A861F1F2F050C005B5540 /* Character.plist in Resources */,
				2EA24E6A1F91BE6900C8E829 /* ChooseCharacter.storyboard in Resources */,
				2E7694E01F20AF77007E5157 /* Main.storyboard in Resources */,
				A95AE6F31F1BA7B400590E99 /* Podfile in Resources */,
				2E1867651F26DB8F0057DBFE /* UserMain.storyboard in Resources */,
				2EEC63851F35891C0069B255 /* Room.storyboard in Resources */,
				2E6904BF1F2ED05A008ACB6D /* paperfont.ttf in Resources */,
				2EEC63871F3596290069B255 /* Card.plist in Resources */,
				A95AE6CC1F1BA6E800590E99 /* Assets.xcassets in Resources */,
				2E7F2BDA1F94C23A00D6ACDB /* RoomList.storyboard in Resources */,
			);
			runOnlyForDeploymentPostprocessing = 0;
		};
		A95AE6D31F1BA6E800590E99 /* Resources */ = {
			isa = PBXResourcesBuildPhase;
			buildActionMask = 2147483647;
			files = (
			);
			runOnlyForDeploymentPostprocessing = 0;
		};
		A95AE6DE1F1BA6E800590E99 /* Resources */ = {
			isa = PBXResourcesBuildPhase;
			buildActionMask = 2147483647;
			files = (
			);
			runOnlyForDeploymentPostprocessing = 0;
		};
/* End PBXResourcesBuildPhase section */

/* Begin PBXShellScriptBuildPhase section */
		7C0807A3F096B92F6A4CBB0D /* [CP] Copy Pods Resources */ = {
			isa = PBXShellScriptBuildPhase;
			buildActionMask = 2147483647;
			files = (
			);
			inputPaths = (
			);
			name = "[CP] Copy Pods Resources";
			outputPaths = (
			);
			runOnlyForDeploymentPostprocessing = 0;
			shellPath = /bin/sh;
			shellScript = "\"${SRCROOT}/Pods/Target Support Files/Pods-NJSY/Pods-NJSY-resources.sh\"\n";
			showEnvVarsInLog = 0;
		};
		A46E221AA19743BA41BC34E2 /* [CP] Check Pods Manifest.lock */ = {
			isa = PBXShellScriptBuildPhase;
			buildActionMask = 2147483647;
			files = (
			);
			inputPaths = (
			);
			name = "[CP] Check Pods Manifest.lock";
			outputPaths = (
			);
			runOnlyForDeploymentPostprocessing = 0;
			shellPath = /bin/sh;
			shellScript = "diff \"${PODS_PODFILE_DIR_PATH}/Podfile.lock\" \"${PODS_ROOT}/Manifest.lock\" > /dev/null\nif [ $? != 0 ] ; then\n    # print error to STDERR\n    echo \"error: The sandbox is not in sync with the Podfile.lock. Run 'pod install' or update your CocoaPods installation.\" >&2\n    exit 1\nfi\n";
			showEnvVarsInLog = 0;
		};
		AC935663E24F56B14A86A82A /* [CP] Embed Pods Frameworks */ = {
			isa = PBXShellScriptBuildPhase;
			buildActionMask = 2147483647;
			files = (
			);
			inputPaths = (
			);
			name = "[CP] Embed Pods Frameworks";
			outputPaths = (
			);
			runOnlyForDeploymentPostprocessing = 0;
			shellPath = /bin/sh;
			shellScript = "\"${SRCROOT}/Pods/Target Support Files/Pods-NJSY/Pods-NJSY-frameworks.sh\"\n";
			showEnvVarsInLog = 0;
		};
/* End PBXShellScriptBuildPhase section */

/* Begin PBXSourcesBuildPhase section */
		A95AE6B71F1BA6E800590E99 /* Sources */ = {
			isa = PBXSourcesBuildPhase;
			buildActionMask = 2147483647;
			files = (
				2EA24E7B1F932F5A00C8E829 /* ResultMessage.swift in Sources */,
				2E52EAEA1F287A3F005E093F /* MainViewController.swift in Sources */,
				2E06511D1F2188F60087592A /* UserService.swift in Sources */,
				2E0448B11F21AD8400207D73 /* RoomVO.swift in Sources */,
				2EEC63831F32CFC50069B255 /* BattleServiceImpl.swift in Sources */,
				2EEC63811F32CF650069B255 /* BattleService.swift in Sources */,
				2E995EF81F90DAE90078C901 /* CharacterButton.swift in Sources */,
				2EA24E721F91EB9400C8E829 /* FromCenterSegue.swift in Sources */,
				2EA24E6C1F91BE9A00C8E829 /* ChooseCharacterController.swift in Sources */,
				2E7F2BD81F9476F500D6ACDB /* ModeView.swift in Sources */,
				2E0651151F2185C50087592A /* UserDaoImpl.swift in Sources */,
				2E0A862B1F30CFF8005B5540 /* CharacterServiceImpl.swift in Sources */,
				2E7694DE1F20AF6D007E5157 /* UserVO.swift in Sources */,
				2EA24E791F932F1000C8E829 /* ToastExtensition.swift in Sources */,
				2E0448B71F21F6E600207D73 /* BattleDaoImpl.swift in Sources */,
				2EA24E751F91F24300C8E829 /* FadeAnimator.swift in Sources */,
				2EEC63891F3AF9760069B255 /* RoomController.swift in Sources */,
				2E0448B51F21F53000207D73 /* BattleDao.swift in Sources */,
				2E0A86211F305C38005B5540 /* BattleVO.swift in Sources */,
				2E06511B1F2186D40087592A /* RoomDao.swift in Sources */,
				2E0651191F2185D40087592A /* UserServiceImpl.swift in Sources */,
				2E0651141F2185C50087592A /* RoomDaoImpl.swift in Sources */,
				2E0651111F2185490087592A /* UserDao.swift in Sources */,
				2E7694EC1F20B017007E5157 /* RoomPO.swift in Sources */,
				2EA24E6F1F91CE9A00C8E829 /* PersonView.swift in Sources */,
				2E0A86231F306693005B5540 /* CharacterDao.swift in Sources */,
				2E06511F1F2189100087592A /* RoomService.swift in Sources */,
				2E2F0ABF1F9336AA0019EF27 /* Model.xcdatamodeld in Sources */,
				2E0A86251F30AE6A005B5540 /* CharacterDaoImpl.swift in Sources */,
				2E0A86291F30CF14005B5540 /* CharacterVO.swift in Sources */,
				2E6904C31F2EFBD0008ACB6D /* UserMainController.swift in Sources */,
				2EBD69B61F232A4D00726771 /* BattlePO.swift in Sources */,
				2E0651181F2185D40087592A /* RoomServiceImpl.swift in Sources */,
				2E0A862D1F30D099005B5540 /* CharacterService.swift in Sources */,
				2E995EF51F90A1B80078C901 /* CharacterCell.swift in Sources */,
				2E0651231F21A9210087592A /* CharacterPO.swift in Sources */,
				2E7694E61F20AF92007E5157 /* UserPO.swift in Sources */,
				A95AE6BF1F1BA6E800590E99 /* AppDelegate.swift in Sources */,
				2E2F0AC11F9337D50019EF27 /* CoreDataImpl.swift in Sources */,
				2E6904C11F2EE9C5008ACB6D /* RoomListViewController.swift in Sources */,
			);
			runOnlyForDeploymentPostprocessing = 0;
		};
		A95AE6D11F1BA6E800590E99 /* Sources */ = {
			isa = PBXSourcesBuildPhase;
			buildActionMask = 2147483647;
			files = (
				A95AE6DA1F1BA6E800590E99 /* NJSYTests.swift in Sources */,
			);
			runOnlyForDeploymentPostprocessing = 0;
		};
		A95AE6DC1F1BA6E800590E99 /* Sources */ = {
			isa = PBXSourcesBuildPhase;
			buildActionMask = 2147483647;
			files = (
				A95AE6E51F1BA6E800590E99 /* NJSYUITests.swift in Sources */,
			);
			runOnlyForDeploymentPostprocessing = 0;
		};
/* End PBXSourcesBuildPhase section */

/* Begin PBXTargetDependency section */
		A95AE6D71F1BA6E800590E99 /* PBXTargetDependency */ = {
			isa = PBXTargetDependency;
			target = A95AE6BA1F1BA6E800590E99 /* NJSY */;
			targetProxy = A95AE6D61F1BA6E800590E99 /* PBXContainerItemProxy */;
		};
		A95AE6E21F1BA6E800590E99 /* PBXTargetDependency */ = {
			isa = PBXTargetDependency;
			target = A95AE6BA1F1BA6E800590E99 /* NJSY */;
			targetProxy = A95AE6E11F1BA6E800590E99 /* PBXContainerItemProxy */;
		};
/* End PBXTargetDependency section */

/* Begin XCBuildConfiguration section */
		A95AE6E71F1BA6E800590E99 /* Debug */ = {
			isa = XCBuildConfiguration;
			buildSettings = {
				ALWAYS_SEARCH_USER_PATHS = NO;
				CLANG_ANALYZER_NONNULL = YES;
				CLANG_ANALYZER_NUMBER_OBJECT_CONVERSION = YES_AGGRESSIVE;
				CLANG_CXX_LANGUAGE_STANDARD = "gnu++0x";
				CLANG_CXX_LIBRARY = "libc++";
				CLANG_ENABLE_MODULES = YES;
				CLANG_ENABLE_OBJC_ARC = YES;
				CLANG_WARN_BOOL_CONVERSION = YES;
				CLANG_WARN_CONSTANT_CONVERSION = YES;
				CLANG_WARN_DIRECT_OBJC_ISA_USAGE = YES_ERROR;
				CLANG_WARN_DOCUMENTATION_COMMENTS = YES;
				CLANG_WARN_EMPTY_BODY = YES;
				CLANG_WARN_ENUM_CONVERSION = YES;
				CLANG_WARN_INFINITE_RECURSION = YES;
				CLANG_WARN_INT_CONVERSION = YES;
				CLANG_WARN_OBJC_ROOT_CLASS = YES_ERROR;
				CLANG_WARN_SUSPICIOUS_MOVE = YES;
				CLANG_WARN_UNREACHABLE_CODE = YES;
				CLANG_WARN__DUPLICATE_METHOD_MATCH = YES;
				"CODE_SIGN_IDENTITY[sdk=iphoneos*]" = "iPhone Developer";
				COPY_PHASE_STRIP = NO;
				DEBUG_INFORMATION_FORMAT = dwarf;
				ENABLE_STRICT_OBJC_MSGSEND = YES;
				ENABLE_TESTABILITY = YES;
				GCC_C_LANGUAGE_STANDARD = gnu99;
				GCC_DYNAMIC_NO_PIC = NO;
				GCC_NO_COMMON_BLOCKS = YES;
				GCC_OPTIMIZATION_LEVEL = 0;
				GCC_PREPROCESSOR_DEFINITIONS = (
					"DEBUG=1",
					"$(inherited)",
				);
				GCC_WARN_64_TO_32_BIT_CONVERSION = YES;
				GCC_WARN_ABOUT_RETURN_TYPE = YES_ERROR;
				GCC_WARN_UNDECLARED_SELECTOR = YES;
				GCC_WARN_UNINITIALIZED_AUTOS = YES_AGGRESSIVE;
				GCC_WARN_UNUSED_FUNCTION = YES;
				GCC_WARN_UNUSED_VARIABLE = YES;
				IPHONEOS_DEPLOYMENT_TARGET = 10.3;
				MTL_ENABLE_DEBUG_INFO = YES;
				ONLY_ACTIVE_ARCH = YES;
				SDKROOT = iphoneos;
				SWIFT_ACTIVE_COMPILATION_CONDITIONS = DEBUG;
				SWIFT_OPTIMIZATION_LEVEL = "-Onone";
			};
			name = Debug;
		};
		A95AE6E81F1BA6E800590E99 /* Release */ = {
			isa = XCBuildConfiguration;
			buildSettings = {
				ALWAYS_SEARCH_USER_PATHS = NO;
				CLANG_ANALYZER_NONNULL = YES;
				CLANG_ANALYZER_NUMBER_OBJECT_CONVERSION = YES_AGGRESSIVE;
				CLANG_CXX_LANGUAGE_STANDARD = "gnu++0x";
				CLANG_CXX_LIBRARY = "libc++";
				CLANG_ENABLE_MODULES = YES;
				CLANG_ENABLE_OBJC_ARC = YES;
				CLANG_WARN_BOOL_CONVERSION = YES;
				CLANG_WARN_CONSTANT_CONVERSION = YES;
				CLANG_WARN_DIRECT_OBJC_ISA_USAGE = YES_ERROR;
				CLANG_WARN_DOCUMENTATION_COMMENTS = YES;
				CLANG_WARN_EMPTY_BODY = YES;
				CLANG_WARN_ENUM_CONVERSION = YES;
				CLANG_WARN_INFINITE_RECURSION = YES;
				CLANG_WARN_INT_CONVERSION = YES;
				CLANG_WARN_OBJC_ROOT_CLASS = YES_ERROR;
				CLANG_WARN_SUSPICIOUS_MOVE = YES;
				CLANG_WARN_UNREACHABLE_CODE = YES;
				CLANG_WARN__DUPLICATE_METHOD_MATCH = YES;
				"CODE_SIGN_IDENTITY[sdk=iphoneos*]" = "iPhone Developer";
				COPY_PHASE_STRIP = NO;
				DEBUG_INFORMATION_FORMAT = "dwarf-with-dsym";
				ENABLE_NS_ASSERTIONS = NO;
				ENABLE_STRICT_OBJC_MSGSEND = YES;
				GCC_C_LANGUAGE_STANDARD = gnu99;
				GCC_NO_COMMON_BLOCKS = YES;
				GCC_WARN_64_TO_32_BIT_CONVERSION = YES;
				GCC_WARN_ABOUT_RETURN_TYPE = YES_ERROR;
				GCC_WARN_UNDECLARED_SELECTOR = YES;
				GCC_WARN_UNINITIALIZED_AUTOS = YES_AGGRESSIVE;
				GCC_WARN_UNUSED_FUNCTION = YES;
				GCC_WARN_UNUSED_VARIABLE = YES;
				IPHONEOS_DEPLOYMENT_TARGET = 10.3;
				MTL_ENABLE_DEBUG_INFO = NO;
				SDKROOT = iphoneos;
				SWIFT_OPTIMIZATION_LEVEL = "-Owholemodule";
				VALIDATE_PRODUCT = YES;
			};
			name = Release;
		};
		A95AE6EA1F1BA6E800590E99 /* Debug */ = {
			isa = XCBuildConfiguration;
			baseConfigurationReference = 96DFE8D3F0C5FCA9D4EBDE86 /* Pods-NJSY.debug.xcconfig */;
			buildSettings = {
				ASSETCATALOG_COMPILER_APPICON_NAME = AppIcon;
				DEVELOPMENT_TEAM = 2V9KC3D3QY;
				FRAMEWORK_SEARCH_PATHS = (
					"$(inherited)",
					"$(PROJECT_DIR)/build/Debug-iphoneos",
				);
				INFOPLIST_FILE = NJSY/Info.plist;
				IPHONEOS_DEPLOYMENT_TARGET = 11.0;
				LD_RUNPATH_SEARCH_PATHS = "$(inherited) @executable_path/Frameworks";
				PRODUCT_BUNDLE_IDENTIFIER = pxr.NJSY;
				PRODUCT_NAME = "$(TARGET_NAME)";
				SWIFT_VERSION = 3.0;
			};
			name = Debug;
		};
		A95AE6EB1F1BA6E800590E99 /* Release */ = {
			isa = XCBuildConfiguration;
			baseConfigurationReference = 0AFEC174849FA67C7FCB3B5B /* Pods-NJSY.release.xcconfig */;
			buildSettings = {
				ASSETCATALOG_COMPILER_APPICON_NAME = AppIcon;
				DEVELOPMENT_TEAM = 2V9KC3D3QY;
				FRAMEWORK_SEARCH_PATHS = (
					"$(inherited)",
					"$(PROJECT_DIR)/build/Debug-iphoneos",
				);
				INFOPLIST_FILE = NJSY/Info.plist;
				IPHONEOS_DEPLOYMENT_TARGET = 11.0;
				LD_RUNPATH_SEARCH_PATHS = "$(inherited) @executable_path/Frameworks";
				PRODUCT_BUNDLE_IDENTIFIER = pxr.NJSY;
				PRODUCT_NAME = "$(TARGET_NAME)";
				SWIFT_VERSION = 3.0;
			};
			name = Release;
		};
		A95AE6ED1F1BA6E800590E99 /* Debug */ = {
			isa = XCBuildConfiguration;
			buildSettings = {
				ALWAYS_EMBED_SWIFT_STANDARD_LIBRARIES = YES;
				BUNDLE_LOADER = "$(TEST_HOST)";
				DEVELOPMENT_TEAM = 2V9KC3D3QY;
				INFOPLIST_FILE = NJSYTests/Info.plist;
				LD_RUNPATH_SEARCH_PATHS = "$(inherited) @executable_path/Frameworks @loader_path/Frameworks";
				PRODUCT_BUNDLE_IDENTIFIER = pxr.NJSYTests;
				PRODUCT_NAME = "$(TARGET_NAME)";
				SWIFT_VERSION = 3.0;
				TEST_HOST = "$(BUILT_PRODUCTS_DIR)/NJSY.app/NJSY";
			};
			name = Debug;
		};
		A95AE6EE1F1BA6E800590E99 /* Release */ = {
			isa = XCBuildConfiguration;
			buildSettings = {
				ALWAYS_EMBED_SWIFT_STANDARD_LIBRARIES = YES;
				BUNDLE_LOADER = "$(TEST_HOST)";
				DEVELOPMENT_TEAM = 2V9KC3D3QY;
				INFOPLIST_FILE = NJSYTests/Info.plist;
				LD_RUNPATH_SEARCH_PATHS = "$(inherited) @executable_path/Frameworks @loader_path/Frameworks";
				PRODUCT_BUNDLE_IDENTIFIER = pxr.NJSYTests;
				PRODUCT_NAME = "$(TARGET_NAME)";
				SWIFT_VERSION = 3.0;
				TEST_HOST = "$(BUILT_PRODUCTS_DIR)/NJSY.app/NJSY";
			};
			name = Release;
		};
		A95AE6F01F1BA6E800590E99 /* Debug */ = {
			isa = XCBuildConfiguration;
			buildSettings = {
				ALWAYS_EMBED_SWIFT_STANDARD_LIBRARIES = YES;
				DEVELOPMENT_TEAM = 2V9KC3D3QY;
				INFOPLIST_FILE = NJSYUITests/Info.plist;
				LD_RUNPATH_SEARCH_PATHS = "$(inherited) @executable_path/Frameworks @loader_path/Frameworks";
				PRODUCT_BUNDLE_IDENTIFIER = pxr.NJSYUITests;
				PRODUCT_NAME = "$(TARGET_NAME)";
				SWIFT_VERSION = 3.0;
				TEST_TARGET_NAME = NJSY;
			};
			name = Debug;
		};
		A95AE6F11F1BA6E800590E99 /* Release */ = {
			isa = XCBuildConfiguration;
			buildSettings = {
				ALWAYS_EMBED_SWIFT_STANDARD_LIBRARIES = YES;
				DEVELOPMENT_TEAM = 2V9KC3D3QY;
				INFOPLIST_FILE = NJSYUITests/Info.plist;
				LD_RUNPATH_SEARCH_PATHS = "$(inherited) @executable_path/Frameworks @loader_path/Frameworks";
				PRODUCT_BUNDLE_IDENTIFIER = pxr.NJSYUITests;
				PRODUCT_NAME = "$(TARGET_NAME)";
				SWIFT_VERSION = 3.0;
				TEST_TARGET_NAME = NJSY;
			};
			name = Release;
		};
/* End XCBuildConfiguration section */

/* Begin XCConfigurationList section */
		A95AE6B61F1BA6E800590E99 /* Build configuration list for PBXProject "NJSY" */ = {
			isa = XCConfigurationList;
			buildConfigurations = (
				A95AE6E71F1BA6E800590E99 /* Debug */,
				A95AE6E81F1BA6E800590E99 /* Release */,
			);
			defaultConfigurationIsVisible = 0;
			defaultConfigurationName = Release;
		};
		A95AE6E91F1BA6E800590E99 /* Build configuration list for PBXNativeTarget "NJSY" */ = {
			isa = XCConfigurationList;
			buildConfigurations = (
				A95AE6EA1F1BA6E800590E99 /* Debug */,
				A95AE6EB1F1BA6E800590E99 /* Release */,
			);
			defaultConfigurationIsVisible = 0;
			defaultConfigurationName = Release;
		};
		A95AE6EC1F1BA6E800590E99 /* Build configuration list for PBXNativeTarget "NJSYTests" */ = {
			isa = XCConfigurationList;
			buildConfigurations = (
				A95AE6ED1F1BA6E800590E99 /* Debug */,
				A95AE6EE1F1BA6E800590E99 /* Release */,
			);
			defaultConfigurationIsVisible = 0;
			defaultConfigurationName = Release;
		};
		A95AE6EF1F1BA6E800590E99 /* Build configuration list for PBXNativeTarget "NJSYUITests" */ = {
			isa = XCConfigurationList;
			buildConfigurations = (
				A95AE6F01F1BA6E800590E99 /* Debug */,
				A95AE6F11F1BA6E800590E99 /* Release */,
			);
			defaultConfigurationIsVisible = 0;
			defaultConfigurationName = Release;
		};
/* End XCConfigurationList section */

/* Begin XCVersionGroup section */
		2E2F0ABD1F9336AA0019EF27 /* Model.xcdatamodeld */ = {
			isa = XCVersionGroup;
			children = (
				2E2F0ABE1F9336AA0019EF27 /* Model.xcdatamodel */,
			);
			currentVersion = 2E2F0ABE1F9336AA0019EF27 /* Model.xcdatamodel */;
			name = Model.xcdatamodeld;
			path = Base.lproj/SupportingFiles/Model.xcdatamodeld;
			sourceTree = "<group>";
			versionGroupType = wrapper.xcdatamodel;
		};
/* End XCVersionGroup section */
	};
	rootObject = A95AE6B31F1BA6E800590E99 /* Project object */;
}
